
Microsoft Visual Studio Solution File, Format Version 12.00
# Visual Studio Version 17
VisualStudioVersion = 17.11.35222.181
MinimumVisualStudioVersion = 10.0.40219.1
Project("{9A19103F-16F7-4668-BE54-9A1E7A4F7556}") = "1-Middleware", "1-Middleware\1-Middleware.csproj", "{035B4B44-92C8-41EF-AD80-B6ED0AA453FB}"
EndProject
Project("{FAE04EC0-301F-11D3-BF4B-00C04F79EFBC}") = "2-Controllers", "2-Controllers\2-Controllers.csproj", "{15380873-6548-46FF-B4FE-864EE1650409}"
EndProject
Global
	GlobalSection(SolutionConfigurationPlatforms) = preSolution
		Debug|Any CPU = Debug|Any CPU
		Release|Any CPU = Release|Any CPU
	EndGlobalSection
	GlobalSection(ProjectConfigurationPlatforms) = postSolution
		{035B4B44-92C8-41EF-AD80-B6ED0AA453FB}.Debug|Any CPU.ActiveCfg = Debug|Any CPU
		{035B4B44-92C8-41EF-AD80-B6ED0AA453FB}.Debug|Any CPU.Build.0 = Debug|Any CPU
		{035B4B44-92C8-41EF-AD80-B6ED0AA453FB}.Release|Any CPU.ActiveCfg = Release|Any CPU
		{035B4B44-92C8-41EF-AD80-B6ED0AA453FB}.Release|Any CPU.Build.0 = Release|Any CPU
		{15380873-6548-46FF-B4FE-864EE1650409}.Debug|Any CPU.ActiveCfg = Debug|Any CPU
		{15380873-6548-46FF-B4FE-864EE1650409}.Debug|Any CPU.Build.0 = Debug|Any CPU
		{15380873-6548-46FF-B4FE-864EE1650409}.Release|Any CPU.ActiveCfg = Release|Any CPU
		{15380873-6548-46FF-B4FE-864EE1650409}.Release|Any CPU.Build.0 = Release|Any CPU
	EndGlobalSection
	GlobalSection(SolutionProperties) = preSolution
		HideSolutionNode = FALSE
	EndGlobalSection
	GlobalSection(ExtensibilityGlobals) = postSolution
		SolutionGuid = {6C953327-8F28-4869-A152-BA161A658464}
	EndGlobalSection
EndGlobal
